// !$*UTF8*$!
{
 archiveVersion = 1;
 classes = {};
 objectVersion = 56;
 objects = {
  E01268105F9E992568B15477 = {isa = PBXFileReference; lastKnownFileType = sourcecode.swift; path = "LetsAct/Core/LineMatcher.swift"; sourceTree = SOURCE_ROOT;};
  A44482A3A2B5ED22FAFA2287 = {isa = PBXBuildFile; fileRef = E01268105F9E992568B15477;};
  3022EF1A692C15C0BA0FC2AC = {isa = PBXFileReference; lastKnownFileType = sourcecode.swift; path = "LetsAct/Core/Models.swift"; sourceTree = SOURCE_ROOT;};
  1E66FC90C852CB7E1B62A66D = {isa = PBXBuildFile; fileRef = 3022EF1A692C15C0BA0FC2AC;};
  AF6BD41478656EEC6FDDE5A3 = {isa = PBXFileReference; lastKnownFileType = sourcecode.swift; path = "LetsAct/Core/PracticeEngine.swift"; sourceTree = SOURCE_ROOT;};
  8548DD27364397ED23E9D3F5 = {isa = PBXBuildFile; fileRef = AF6BD41478656EEC6FDDE5A3;};
  BADE529974D93C92F4BFD140 = {isa = PBXFileReference; lastKnownFileType = sourcecode.swift; path = "LetsAct/Core/ScriptParser.swift"; sourceTree = SOURCE_ROOT;};
  421317FBA18DF47DD52257D2 = {isa = PBXBuildFile; fileRef = BADE529974D93C92F4BFD140;};
  DA74C519E386C02DE9F245F9 = {isa = PBXFileReference; lastKnownFileType = sourcecode.swift; path = "LetsAct/Design/StageStyle.swift"; sourceTree = SOURCE_ROOT;};
  4EFAB35A4E0A07305A0B3781 = {isa = PBXBuildFile; fileRef = DA74C519E386C02DE9F245F9;};
  317F3DAE0D51A8F6426B711F = {isa = PBXFileReference; lastKnownFileType = sourcecode.swift; path = "LetsAct/LetsActApp.swift"; sourceTree = SOURCE_ROOT;};
  BC393620525C35D6FACC44E2 = {isa = PBXBuildFile; fileRef = 317F3DAE0D51A8F6426B711F;};
  1C1F436837BFC72927EB51D8 = {isa = PBXFileReference; lastKnownFileType = sourcecode.swift; path = "LetsAct/Services/CloudParser.swift"; sourceTree = SOURCE_ROOT;};
  9FE729BE7FEC3F2413735329 = {isa = PBXBuildFile; fileRef = 1C1F436837BFC72927EB51D8;};
  0BF39F4C6D182E65E298C408 = {isa = PBXFileReference; lastKnownFileType = sourcecode.swift; path = "LetsAct/Services/PracticeController.swift"; sourceTree = SOURCE_ROOT;};
  FC9D3CAACCBC1BC34ACBD087 = {isa = PBXBuildFile; fileRef = 0BF39F4C6D182E65E298C408;};
  ED52B46F11C117FABF76EF54 = {isa = PBXFileReference; lastKnownFileType = sourcecode.swift; path = "LetsAct/Services/ScriptImport.swift"; sourceTree = SOURCE_ROOT;};
  A845207ED22C15771B6B81E7 = {isa = PBXBuildFile; fileRef = ED52B46F11C117FABF76EF54;};
  2AB548C1C94FE59E868F1B3E = {isa = PBXFileReference; lastKnownFileType = sourcecode.swift; path = "LetsAct/Services/ShowStore.swift"; sourceTree = SOURCE_ROOT;};
  CDE3D4DABB7354252231B473 = {isa = PBXBuildFile; fileRef = 2AB548C1C94FE59E868F1B3E;};
  DCEF59C70F79FEF1E2E29A91 = {isa = PBXFileReference; lastKnownFileType = sourcecode.swift; path = "LetsAct/Services/SpeechServices.swift"; sourceTree = SOURCE_ROOT;};
  97187C0DD97EF3AAC6881BB6 = {isa = PBXBuildFile; fileRef = DCEF59C70F79FEF1E2E29A91;};
  95B814F15BD491BE818DE1BA = {isa = PBXFileReference; lastKnownFileType = sourcecode.swift; path = "LetsAct/Views/ChildHomeView.swift"; sourceTree = SOURCE_ROOT;};
  3D5570D5539D9FD64850CB86 = {isa = PBXBuildFile; fileRef = 95B814F15BD491BE818DE1BA;};
  424745C9E9E47F71B5B230B5 = {isa = PBXFileReference; lastKnownFileType = sourcecode.swift; path = "LetsAct/Views/DirectorHomeView.swift"; sourceTree = SOURCE_ROOT;};
  E6DA1BA4F36654D1D530994A = {isa = PBXBuildFile; fileRef = 424745C9E9E47F71B5B230B5;};
  066C6843E8ED947266BBAF9C = {isa = PBXFileReference; lastKnownFileType = sourcecode.swift; path = "LetsAct/Views/ImportShowView.swift"; sourceTree = SOURCE_ROOT;};
  CDB0C249573B1FC4CDA6F952 = {isa = PBXBuildFile; fileRef = 066C6843E8ED947266BBAF9C;};
  983E989AD16E09F4DA3B0DED = {isa = PBXFileReference; lastKnownFileType = sourcecode.swift; path = "LetsAct/Views/ParentGateView.swift"; sourceTree = SOURCE_ROOT;};
  44FFE06802F0D143DA01A4FB = {isa = PBXBuildFile; fileRef = 983E989AD16E09F4DA3B0DED;};
  DF45EB08163C0A1F6C8C8CF9 = {isa = PBXFileReference; lastKnownFileType = sourcecode.swift; path = "LetsAct/Views/PracticeView.swift"; sourceTree = SOURCE_ROOT;};
  B24B07A689CFE7592B7C4FD8 = {isa = PBXBuildFile; fileRef = DF45EB08163C0A1F6C8C8CF9;};
  1B4B75B40FF4CF885C0729F2 = {isa = PBXFileReference; lastKnownFileType = sourcecode.swift; path = "LetsAct/Views/ShowEditorView.swift"; sourceTree = SOURCE_ROOT;};
  83FE0D0F712FEB0E4A26A9FC = {isa = PBXBuildFile; fileRef = 1B4B75B40FF4CF885C0729F2;};
  3A2A88DEEFF3D1D23E496597 = {isa = PBXGroup; children = (E01268105F9E992568B15477, 3022EF1A692C15C0BA0FC2AC, AF6BD41478656EEC6FDDE5A3, BADE529974D93C92F4BFD140, DA74C519E386C02DE9F245F9, 317F3DAE0D51A8F6426B711F, 1C1F436837BFC72927EB51D8, 0BF39F4C6D182E65E298C408, ED52B46F11C117FABF76EF54, 2AB548C1C94FE59E868F1B3E, DCEF59C70F79FEF1E2E29A91, 95B814F15BD491BE818DE1BA, 424745C9E9E47F71B5B230B5, 066C6843E8ED947266BBAF9C, 983E989AD16E09F4DA3B0DED, DF45EB08163C0A1F6C8C8CF9, 1B4B75B40FF4CF885C0729F2,); name = "LetsAct"; sourceTree = "<group>";};
  2D764CD838DB39F040AA7EC4 = {isa = PBXSourcesBuildPhase; buildActionMask = 2147483647; files = (A44482A3A2B5ED22FAFA2287, 1E66FC90C852CB7E1B62A66D, 8548DD27364397ED23E9D3F5, 421317FBA18DF47DD52257D2, 4EFAB35A4E0A07305A0B3781, BC393620525C35D6FACC44E2, 9FE729BE7FEC3F2413735329, FC9D3CAACCBC1BC34ACBD087, A845207ED22C15771B6B81E7, CDE3D4DABB7354252231B473, 97187C0DD97EF3AAC6881BB6, 3D5570D5539D9FD64850CB86, E6DA1BA4F36654D1D530994A, CDB0C249573B1FC4CDA6F952, 44FFE06802F0D143DA01A4FB, B24B07A689CFE7592B7C4FD8, 83FE0D0F712FEB0E4A26A9FC,); runOnlyForDeploymentPostprocessing = 0;};
  12384B5908BE5FE5B3301CEE = {isa = PBXFrameworksBuildPhase; buildActionMask = 2147483647; files = (); runOnlyForDeploymentPostprocessing = 0;};
  4017186403F4B370A3A09AD7 = {isa = PBXFileReference; lastKnownFileType = folder.assetcatalog; path = "LetsAct/Resources/Assets.xcassets"; sourceTree = SOURCE_ROOT;};
  E6F080FB2D773E233666260C = {isa = PBXBuildFile; fileRef = 4017186403F4B370A3A09AD7;};
  A94E886C97BBD71E5C715AFF = {isa = PBXFileReference; lastKnownFileType = text.xml; path = "LetsAct/Resources/PrivacyInfo.xcprivacy"; sourceTree = SOURCE_ROOT;};
  DD01F30528FA8190F1A9EE34 = {isa = PBXBuildFile; fileRef = A94E886C97BBD71E5C715AFF;};
  06F5DC629BD46AAFD46564D1 = {isa = PBXResourcesBuildPhase; buildActionMask = 2147483647; files = (E6F080FB2D773E233666260C, DD01F30528FA8190F1A9EE34,); runOnlyForDeploymentPostprocessing = 0;};
  4514DD6F26E8198F824F7F0B = {isa = PBXFileReference; lastKnownFileType = sourcecode.swift; path = "LetsActUITests/LetsActUITests.swift"; sourceTree = SOURCE_ROOT;};
  657A564BF81204462E1F2400 = {isa = PBXBuildFile; fileRef = 4514DD6F26E8198F824F7F0B;};
  F80B2C2021F097DC9FAA009C = {isa = PBXGroup; children = (4514DD6F26E8198F824F7F0B,); name = "LetsActUITests"; sourceTree = "<group>";};
  0AAF609B956B1178EE16AECC = {isa = PBXSourcesBuildPhase; buildActionMask = 2147483647; files = (657A564BF81204462E1F2400,); runOnlyForDeploymentPostprocessing = 0;};
  0A7B6C0932A5D1B0862B4A3C = {isa = PBXFrameworksBuildPhase; buildActionMask = 2147483647; files = (); runOnlyForDeploymentPostprocessing = 0;};
  C154E96E5F496A9A26FEB46C = {isa = PBXResourcesBuildPhase; buildActionMask = 2147483647; files = (); runOnlyForDeploymentPostprocessing = 0;};
  8BCD5BC4CDFDF0918087C782 = {isa = PBXFileReference; explicitFileType = wrapper.application; includeInIndex = 0; path = LetsAct.app; sourceTree = BUILT_PRODUCTS_DIR;};
  F219C0274590DA45E4BEF1EA = {isa = PBXFileReference; explicitFileType = wrapper.cfbundle; includeInIndex = 0; path = LetsActUITests.xctest; sourceTree = BUILT_PRODUCTS_DIR;};
  FBDC4F23F93125BBEEAE800C = {isa = PBXGroup; children = (8BCD5BC4CDFDF0918087C782, F219C0274590DA45E4BEF1EA,); name = Products; sourceTree = "<group>";};
  F97E10D1020E3BEF961AF77B = {isa = PBXGroup; children = (3A2A88DEEFF3D1D23E496597, 4017186403F4B370A3A09AD7, A94E886C97BBD71E5C715AFF, F80B2C2021F097DC9FAA009C, FBDC4F23F93125BBEEAE800C,); sourceTree = "<group>";};
  89E1FD6268CC0F221A2BE178 = {isa = XCBuildConfiguration; buildSettings = {IPHONEOS_DEPLOYMENT_TARGET = "17.0"; SDKROOT = "iphoneos"; SWIFT_VERSION = "5.0"; CLANG_ENABLE_MODULES = "YES"; CLANG_ENABLE_OBJC_ARC = "YES"; SWIFT_STRICT_CONCURRENCY = "targeted"; ENABLE_USER_SCRIPT_SANDBOXING = "YES"; DEBUG_INFORMATION_FORMAT = "dwarf"; SWIFT_OPTIMIZATION_LEVEL = "-Onone"; SWIFT_ACTIVE_COMPILATION_CONDITIONS = "DEBUG"; ENABLE_TESTABILITY = "YES";}; name = Debug;};
  E6DE6C99132752C914FEF632 = {isa = XCBuildConfiguration; buildSettings = {IPHONEOS_DEPLOYMENT_TARGET = "17.0"; SDKROOT = "iphoneos"; SWIFT_VERSION = "5.0"; CLANG_ENABLE_MODULES = "YES"; CLANG_ENABLE_OBJC_ARC = "YES"; SWIFT_STRICT_CONCURRENCY = "targeted"; ENABLE_USER_SCRIPT_SANDBOXING = "YES"; DEBUG_INFORMATION_FORMAT = "dwarf-with-dsym"; SWIFT_OPTIMIZATION_LEVEL = "-O"; SWIFT_ACTIVE_COMPILATION_CONDITIONS = ""; ENABLE_TESTABILITY = "NO";}; name = Release;};
  F8C70E4123C9AE82C42562CC = {isa = XCConfigurationList; buildConfigurations = (89E1FD6268CC0F221A2BE178, E6DE6C99132752C914FEF632,); defaultConfigurationIsVisible = 0; defaultConfigurationName = Release;};
  E9B2E96ABC5F6856F2BE79CF = {isa = XCBuildConfiguration; buildSettings = {PRODUCT_BUNDLE_IDENTIFIER = "com.letsact.app"; PRODUCT_NAME = "$(TARGET_NAME)"; INFOPLIST_FILE = "LetsAct/Resources/Info.plist"; GENERATE_INFOPLIST_FILE = "NO"; TARGETED_DEVICE_FAMILY = "1,2"; SUPPORTED_PLATFORMS = "iphoneos iphonesimulator"; SUPPORTS_MACCATALYST = "NO"; CODE_SIGN_STYLE = "Automatic"; ASSETCATALOG_COMPILER_APPICON_NAME = "AppIcon"; CURRENT_PROJECT_VERSION = "1"; MARKETING_VERSION = "0.1.0"; LD_RUNPATH_SEARCH_PATHS = "$(inherited) @executable_path/Frameworks";}; name = Debug;};
  5A8C91857F674E16E2724F47 = {isa = XCBuildConfiguration; buildSettings = {PRODUCT_BUNDLE_IDENTIFIER = "com.letsact.app"; PRODUCT_NAME = "$(TARGET_NAME)"; INFOPLIST_FILE = "LetsAct/Resources/Info.plist"; GENERATE_INFOPLIST_FILE = "NO"; TARGETED_DEVICE_FAMILY = "1,2"; SUPPORTED_PLATFORMS = "iphoneos iphonesimulator"; SUPPORTS_MACCATALYST = "NO"; CODE_SIGN_STYLE = "Automatic"; ASSETCATALOG_COMPILER_APPICON_NAME = "AppIcon"; CURRENT_PROJECT_VERSION = "1"; MARKETING_VERSION = "0.1.0"; LD_RUNPATH_SEARCH_PATHS = "$(inherited) @executable_path/Frameworks";}; name = Release;};
  DA1189605F4160DBE5714E93 = {isa = XCConfigurationList; buildConfigurations = (E9B2E96ABC5F6856F2BE79CF, 5A8C91857F674E16E2724F47,); defaultConfigurationIsVisible = 0; defaultConfigurationName = Release;};
  0F3D67935A4F199E058A017A = {isa = XCBuildConfiguration; buildSettings = {PRODUCT_BUNDLE_IDENTIFIER = "com.letsact.app.uitests"; PRODUCT_NAME = "$(TARGET_NAME)"; GENERATE_INFOPLIST_FILE = "YES"; TARGETED_DEVICE_FAMILY = "1,2"; TEST_TARGET_NAME = "LetsAct"; CODE_SIGN_STYLE = "Automatic";}; name = Debug;};
  20B70E15FDC36C625E57F658 = {isa = XCBuildConfiguration; buildSettings = {PRODUCT_BUNDLE_IDENTIFIER = "com.letsact.app.uitests"; PRODUCT_NAME = "$(TARGET_NAME)"; GENERATE_INFOPLIST_FILE = "YES"; TARGETED_DEVICE_FAMILY = "1,2"; TEST_TARGET_NAME = "LetsAct"; CODE_SIGN_STYLE = "Automatic";}; name = Release;};
  12B527EF3EF9C4DD757429EA = {isa = XCConfigurationList; buildConfigurations = (0F3D67935A4F199E058A017A, 20B70E15FDC36C625E57F658,); defaultConfigurationIsVisible = 0; defaultConfigurationName = Release;};
  D799BAE6088A90139B415FCC = {isa = PBXContainerItemProxy; containerPortal = 98F54143AB4E86B28C3AFEE0; proxyType = 1; remoteGlobalIDString = C13732C8E715C9BEE4FA51C9; remoteInfo = LetsAct;};
  DE58E2B17C19600779694943 = {isa = PBXTargetDependency; target = C13732C8E715C9BEE4FA51C9; targetProxy = D799BAE6088A90139B415FCC;};
  C13732C8E715C9BEE4FA51C9 = {isa = PBXNativeTarget; buildConfigurationList = DA1189605F4160DBE5714E93; buildPhases = (2D764CD838DB39F040AA7EC4, 12384B5908BE5FE5B3301CEE, 06F5DC629BD46AAFD46564D1,); buildRules = (); dependencies = (); name = LetsAct; productName = LetsAct; productReference = 8BCD5BC4CDFDF0918087C782; productType = "com.apple.product-type.application";};
  EB441FB4F42650CB3146523A = {isa = PBXNativeTarget; buildConfigurationList = 12B527EF3EF9C4DD757429EA; buildPhases = (0AAF609B956B1178EE16AECC, 0A7B6C0932A5D1B0862B4A3C, C154E96E5F496A9A26FEB46C,); buildRules = (); dependencies = (DE58E2B17C19600779694943,); name = LetsActUITests; productName = LetsActUITests; productReference = F219C0274590DA45E4BEF1EA; productType = "com.apple.product-type.bundle.ui-testing";};
  98F54143AB4E86B28C3AFEE0 = {isa = PBXProject; attributes = {BuildIndependentTargetsInParallel = YES; LastUpgradeCheck = 1600; TargetAttributes = {C13732C8E715C9BEE4FA51C9 = {CreatedOnToolsVersion = 16.0;}; EB441FB4F42650CB3146523A = {CreatedOnToolsVersion = 16.0; TestTargetID = C13732C8E715C9BEE4FA51C9;};};}; buildConfigurationList = F8C70E4123C9AE82C42562CC; compatibilityVersion = "Xcode 14.0"; developmentRegion = en; hasScannedForEncodings = 0; knownRegions = (en, Base); mainGroup = F97E10D1020E3BEF961AF77B; productRefGroup = FBDC4F23F93125BBEEAE800C; projectDirPath = ""; projectRoot = ""; targets = (C13732C8E715C9BEE4FA51C9, EB441FB4F42650CB3146523A,);};
 };
 rootObject = 98F54143AB4E86B28C3AFEE0;
}
